
Microsoft Visual Studio Solution File, Format Version 12.00
# Visual Studio Version 17
VisualStudioVersion = 17.1.32407.343
MinimumVisualStudioVersion = 10.0.40219.1
Project("{FAE04EC0-301F-11D3-BF4B-00C04F79EFBC}") = "QuestionsApp.WebAPI", "QuestionsApp.WebAPI\QuestionsApp.WebAPI.csproj", "{9C81CC10-4443-45E3-AFA5-4C2016DA4051}"
EndProject
Global
	GlobalSection(SolutionConfigurationPlatforms) = preSolution
		Debug|Any CPU = Debug|Any CPU
		Release|Any CPU = Release|Any CPU
	EndGlobalSection
	GlobalSection(ProjectConfigurationPlatforms) = postSolution
		{9C81CC10-4443-45E3-AFA5-4C2016DA4051}.Debug|Any CPU.ActiveCfg = Debug|Any CPU
		{9C81CC10-4443-45E3-AFA5-4C2016DA4051}.Debug|Any CPU.Build.0 = Debug|Any CPU
		{9C81CC10-4443-45E3-AFA5-4C2016DA4051}.Release|Any CPU.ActiveCfg = Release|Any CPU
		{9C81CC10-4443-45E3-AFA5-4C2016DA4051}.Release|Any CPU.Build.0 = Release|Any CPU
	EndGlobalSection
	GlobalSection(SolutionProperties) = preSolution
		HideSolutionNode = FALSE
	EndGlobalSection
	GlobalSection(ExtensibilityGlobals) = postSolution
		SolutionGuid = {4A14603A-92EE-4B60-A503-35BC2E39E447}
	EndGlobalSection
EndGlobal
